# This file is automatically @generated by Wally.
# It is not intended for manual editing.
registry = "test"

[[package]]
name = "admin/project-w"
version = "0.1.0"
dependencies = [["bytenet-max", "elitriare/bytenet-max@0.2.7"], ["promise", "evaera/promise@4.0.0"]]

[[package]]
name = "elitriare/bytenet-max"
version = "0.2.7"
dependencies = []

[[package]]
name = "evaera/promise"
version = "4.0.0"
dependencies = []
